{
  "name": "eiiisd-config",
  "version": "1.0.2",
  "lockfileVersion": 3,
  "requires": true,
  "packages": {
    "": {
      "name": "eiiisd-config",
      "version": "1.0.2",
      "license": "MIT",
      "dependencies": {
        "@eiiisd/prettier-config": "latest",
        "child_process": "^1.0.2"
      },
      "bin": {
        "eiiisd-config": "index.js"
      }
    },
    "node_modules/@eiiisd/prettier-config": {
      "version": "1.0.0",
      "resolved": "https://registry.npmjs.org/@eiiisd/prettier-config/-/prettier-config-1.0.0.tgz",
      "integrity": "sha512-judb2UwgjP4/zmluW+gqex1oxCyIrX89R9niJtN77taSthEo71W6sjxFlqfiAbIxuvsbZ4efXkz7P0IfmGlTEg=="
    },
    "node_modules/child_process": {
      "version": "1.0.2",
      "resolved": "https://registry.npmjs.org/child_process/-/child_process-1.0.2.tgz",
      "integrity": "sha512-Wmza/JzL0SiWz7kl6MhIKT5ceIlnFPJX+lwUGj7Clhy5MMldsSoJR0+uvRzOS5Kv45Mq7t1PoE8TsOA9bzvb6g=="
    }
  }
}
